// !$*UTF8*$!
{
	archiveVersion = 1;
	classes = {
	};
	objectVersion = 56;
	objects = {

/* Begin PBXBuildFile section */
		BEEE5C282B27C2790040C132 /* AppDelegate.swift in Sources */ = {isa = PBXBuildFile; fileRef = BEEE5C272B27C2790040C132 /* AppDelegate.swift */; };
		BEEE5C2C2B27C2790040C132 /* Main.html in Resources */ = {isa = PBXBuildFile; fileRef = BEEE5C2A2B27C2790040C132 /* Main.html */; };
		BEEE5C2E2B27C2790040C132 /* Icon.png in Resources */ = {isa = PBXBuildFile; fileRef = BEEE5C2D2B27C2790040C132 /* Icon.png */; };
		BEEE5C302B27C2790040C132 /* Style.css in Resources */ = {isa = PBXBuildFile; fileRef = BEEE5C2F2B27C2790040C132 /* Style.css */; };
		BEEE5C322B27C2790040C132 /* Script.js in Resources */ = {isa = PBXBuildFile; fileRef = BEEE5C312B27C2790040C132 /* Script.js */; };
		BEEE5C342B27C2790040C132 /* ViewController.swift in Sources */ = {isa = PBXBuildFile; fileRef = BEEE5C332B27C2790040C132 /* ViewController.swift */; };
		BEEE5C372B27C2790040C132 /* Main.storyboard in Resources */ = {isa = PBXBuildFile; fileRef = BEEE5C352B27C2790040C132 /* Main.storyboard */; };
		BEEE5C392B27C27A0040C132 /* Assets.xcassets in Resources */ = {isa = PBXBuildFile; fileRef = BEEE5C382B27C27A0040C132 /* Assets.xcassets */; };
		BEEE5C412B27C27B0040C132 /* Safari Salesforce Inspector Reloaded Extension.appex in Embed Foundation Extensions */ = {isa = PBXBuildFile; fileRef = BEEE5C402B27C27B0040C132 /* Safari Salesforce Inspector Reloaded Extension.appex */; settings = {ATTRIBUTES = (RemoveHeadersOnCopy, ); }; };
		BEEE5C462B27C27B0040C132 /* SafariWebExtensionHandler.swift in Sources */ = {isa = PBXBuildFile; fileRef = BEEE5C452B27C27B0040C132 /* SafariWebExtensionHandler.swift */; };
		BEEE5C492B27C27B0040C132 /* _locales in Resources */ = {isa = PBXBuildFile; fileRef = BEEE5C482B27C27B0040C132 /* _locales */; };
		BEEE5C4D2B27C27B0040C132 /* manifest.json in Resources */ = {isa = PBXBuildFile; fileRef = BEEE5C4C2B27C27B0040C132 /* manifest.json */; };
		BEEE5C852B27C38F0040C132 /* inspector.js in Resources */ = {isa = PBXBuildFile; fileRef = BEEE5C632B27C38E0040C132 /* inspector.js */; };
		BEEE5C862B27C38F0040C132 /* links.js in Resources */ = {isa = PBXBuildFile; fileRef = BEEE5C642B27C38E0040C132 /* links.js */; };
		BEEE5C872B27C38F0040C132 /* data-export-test.js in Resources */ = {isa = PBXBuildFile; fileRef = BEEE5C652B27C38E0040C132 /* data-export-test.js */; };
		BEEE5C882B27C38F0040C132 /* limits.js in Resources */ = {isa = PBXBuildFile; fileRef = BEEE5C662B27C38E0040C132 /* limits.js */; };
		BEEE5C892B27C38F0040C132 /* test-framework.js in Resources */ = {isa = PBXBuildFile; fileRef = BEEE5C672B27C38E0040C132 /* test-framework.js */; };
		BEEE5C8A2B27C38F0040C132 /* inspect.css in Resources */ = {isa = PBXBuildFile; fileRef = BEEE5C682B27C38E0040C132 /* inspect.css */; };
		BEEE5C8B2B27C38F0040C132 /* metadata-retrieve.js in Resources */ = {isa = PBXBuildFile; fileRef = BEEE5C692B27C38E0040C132 /* metadata-retrieve.js */; };
		BEEE5C8C2B27C38F0040C132 /* background.js in Resources */ = {isa = PBXBuildFile; fileRef = BEEE5C6A2B27C38E0040C132 /* background.js */; };
		BEEE5C8D2B27C38F0040C132 /* images in Resources */ = {isa = PBXBuildFile; fileRef = BEEE5C6B2B27C38E0040C132 /* images */; };
		BEEE5C8E2B27C38F0040C132 /* explore-api.html in Resources */ = {isa = PBXBuildFile; fileRef = BEEE5C6C2B27C38E0040C132 /* explore-api.html */; };
		BEEE5C8F2B27C38F0040C132 /* react.min.js in Resources */ = {isa = PBXBuildFile; fileRef = BEEE5C6D2B27C38E0040C132 /* react.min.js */; };
		BEEE5C902B27C38F0040C132 /* limits.html in Resources */ = {isa = PBXBuildFile; fileRef = BEEE5C6E2B27C38E0040C132 /* limits.html */; };
		BEEE5C912B27C38F0040C132 /* icon128.png in Resources */ = {isa = PBXBuildFile; fileRef = BEEE5C6F2B27C38E0040C132 /* icon128.png */; };
		BEEE5C922B27C38F0040C132 /* metadata-retrieve.css in Resources */ = {isa = PBXBuildFile; fileRef = BEEE5C702B27C38E0040C132 /* metadata-retrieve.css */; };
		BEEE5C932B27C38F0040C132 /* data-import.css in Resources */ = {isa = PBXBuildFile; fileRef = BEEE5C712B27C38E0040C132 /* data-import.css */; };
		BEEE5C942B27C38F0040C132 /* react-dom.min.js in Resources */ = {isa = PBXBuildFile; fileRef = BEEE5C722B27C38E0040C132 /* react-dom.min.js */; };
		BEEE5C952B27C38F0040C132 /* sources.txt in Resources */ = {isa = PBXBuildFile; fileRef = BEEE5C732B27C38E0040C132 /* sources.txt */; };
		BEEE5C962B27C38F0040C132 /* inspect-inline.js in Resources */ = {isa = PBXBuildFile; fileRef = BEEE5C742B27C38E0040C132 /* inspect-inline.js */; };
		BEEE5C972B27C38F0040C132 /* popup.html in Resources */ = {isa = PBXBuildFile; fileRef = BEEE5C752B27C38E0040C132 /* popup.html */; };
		BEEE5C982B27C38F0040C132 /* flags.css in Resources */ = {isa = PBXBuildFile; fileRef = BEEE5C762B27C38E0040C132 /* flags.css */; };
		BEEE5C992B27C38F0040C132 /* test-framework.html in Resources */ = {isa = PBXBuildFile; fileRef = BEEE5C772B27C38E0040C132 /* test-framework.html */; };
		BEEE5C9A2B27C38F0040C132 /* data-export.css in Resources */ = {isa = PBXBuildFile; fileRef = BEEE5C782B27C38E0040C132 /* data-export.css */; };
		BEEE5C9B2B27C38F0040C132 /* inspect.html in Resources */ = {isa = PBXBuildFile; fileRef = BEEE5C792B27C38E0040C132 /* inspect.html */; };
		BEEE5C9C2B27C38F0040C132 /* styles in Resources */ = {isa = PBXBuildFile; fileRef = BEEE5C7A2B27C38E0040C132 /* styles */; };
		BEEE5C9D2B27C38F0040C132 /* popup-test.js in Resources */ = {isa = PBXBuildFile; fileRef = BEEE5C7B2B27C38E0040C132 /* popup-test.js */; };
		BEEE5C9E2B27C38F0040C132 /* data-import-test.js in Resources */ = {isa = PBXBuildFile; fileRef = BEEE5C7C2B27C38E0040C132 /* data-import-test.js */; };
		BEEE5C9F2B27C38F0040C132 /* slds-spinner.css in Resources */ = {isa = PBXBuildFile; fileRef = BEEE5C7D2B27C38E0040C132 /* slds-spinner.css */; };
		BEEE5CA02B27C38F0040C132 /* popup.js in Resources */ = {isa = PBXBuildFile; fileRef = BEEE5C7E2B27C38F0040C132 /* popup.js */; };
		BEEE5CA12B27C38F0040C132 /* data-import.js in Resources */ = {isa = PBXBuildFile; fileRef = BEEE5C7F2B27C38F0040C132 /* data-import.js */; };
		BEEE5CA22B27C38F0040C132 /* react.js in Resources */ = {isa = PBXBuildFile; fileRef = BEEE5C802B27C38F0040C132 /* react.js */; };
		BEEE5CA32B27C38F0040C132 /* test-page.js in Resources */ = {isa = PBXBuildFile; fileRef = BEEE5C812B27C38F0040C132 /* test-page.js */; };
		BEEE5CA42B27C38F0040C132 /* symbols.svg in Resources */ = {isa = PBXBuildFile; fileRef = BEEE5C822B27C38F0040C132 /* symbols.svg */; };
		BEEE5CA52B27C38F0040C132 /* inspect-inline.css in Resources */ = {isa = PBXBuildFile; fileRef = BEEE5C832B27C38F0040C132 /* inspect-inline.css */; };
		BEEE5CA62B27C38F0040C132 /* react-dom.js in Resources */ = {isa = PBXBuildFile; fileRef = BEEE5C842B27C38F0040C132 /* react-dom.js */; };
		BEEE5CBA2B27C39C0040C132 /* fonts in Resources */ = {isa = PBXBuildFile; fileRef = BEEE5CA72B27C39C0040C132 /* fonts */; };
		BEEE5CBB2B27C39C0040C132 /* popup.css in Resources */ = {isa = PBXBuildFile; fileRef = BEEE5CA82B27C39C0040C132 /* popup.css */; };
		BEEE5CBC2B27C39C0040C132 /* csv-parse.js in Resources */ = {isa = PBXBuildFile; fileRef = BEEE5CA92B27C39C0040C132 /* csv-parse.js */; };
		BEEE5CBD2B27C39C0040C132 /* limits.css in Resources */ = {isa = PBXBuildFile; fileRef = BEEE5CAA2B27C39C0040C132 /* limits.css */; };
		BEEE5CBE2B27C39C0040C132 /* data-import.html in Resources */ = {isa = PBXBuildFile; fileRef = BEEE5CAB2B27C39C0040C132 /* data-import.html */; };
		BEEE5CBF2B27C39C0040C132 /* inspect.js in Resources */ = {isa = PBXBuildFile; fileRef = BEEE5CAC2B27C39C0040C132 /* inspect.js */; };
		BEEE5CC02B27C39C0040C132 /* data-export.html in Resources */ = {isa = PBXBuildFile; fileRef = BEEE5CAD2B27C39C0040C132 /* data-export.html */; };
		BEEE5CC12B27C39C0040C132 /* setup-links.js in Resources */ = {isa = PBXBuildFile; fileRef = BEEE5CAE2B27C39C0040C132 /* setup-links.js */; };
		BEEE5CC22B27C39C0040C132 /* test-page.html in Resources */ = {isa = PBXBuildFile; fileRef = BEEE5CAF2B27C39C0040C132 /* test-page.html */; };
		BEEE5CC32B27C39C0040C132 /* csv-parse-test.js in Resources */ = {isa = PBXBuildFile; fileRef = BEEE5CB02B27C39C0040C132 /* csv-parse-test.js */; };
		BEEE5CC42B27C39C0040C132 /* manifest-template.json in Resources */ = {isa = PBXBuildFile; fileRef = BEEE5CB12B27C39C0040C132 /* manifest-template.json */; };
		BEEE5CC52B27C39C0040C132 /* explore-api.js in Resources */ = {isa = PBXBuildFile; fileRef = BEEE5CB22B27C39C0040C132 /* explore-api.js */; };
		BEEE5CC62B27C39C0040C132 /* data-export.js in Resources */ = {isa = PBXBuildFile; fileRef = BEEE5CB32B27C39C0040C132 /* data-export.js */; };
		BEEE5CC72B27C39C0040C132 /* metadata-retrieve.html in Resources */ = {isa = PBXBuildFile; fileRef = BEEE5CB42B27C39C0040C132 /* metadata-retrieve.html */; };
		BEEE5CC82B27C39C0040C132 /* explore-api.css in Resources */ = {isa = PBXBuildFile; fileRef = BEEE5CB52B27C39C0040C132 /* explore-api.css */; };
		BEEE5CC92B27C39C0040C132 /* button.css in Resources */ = {isa = PBXBuildFile; fileRef = BEEE5CB62B27C39C0040C132 /* button.css */; };
		BEEE5CCA2B27C39C0040C132 /* data-load.js in Resources */ = {isa = PBXBuildFile; fileRef = BEEE5CB72B27C39C0040C132 /* data-load.js */; };
		BEEE5CCB2B27C39C0040C132 /* button.js in Resources */ = {isa = PBXBuildFile; fileRef = BEEE5CB82B27C39C0040C132 /* button.js */; };
		BEEE5CCC2B27C39C0040C132 /* data-load.css in Resources */ = {isa = PBXBuildFile; fileRef = BEEE5CB92B27C39C0040C132 /* data-load.css */; };
/* End PBXBuildFile section */

/* Begin PBXContainerItemProxy section */
		BEEE5C422B27C27B0040C132 /* PBXContainerItemProxy */ = {
			isa = PBXContainerItemProxy;
			containerPortal = BEEE5C1C2B27C2790040C132 /* Project object */;
			proxyType = 1;
			remoteGlobalIDString = BEEE5C3F2B27C27B0040C132;
			remoteInfo = "Safari Salesforce Inspector Reloaded Extension";
		};
/* End PBXContainerItemProxy section */

/* Begin PBXCopyFilesBuildPhase section */
		BEEE5C5F2B27C27B0040C132 /* Embed Foundation Extensions */ = {
			isa = PBXCopyFilesBuildPhase;
			buildActionMask = 2147483647;
			dstPath = "";
			dstSubfolderSpec = 13;
			files = (
				BEEE5C412B27C27B0040C132 /* Safari Salesforce Inspector Reloaded Extension.appex in Embed Foundation Extensions */,
			);
			name = "Embed Foundation Extensions";
			runOnlyForDeploymentPostprocessing = 0;
		};
/* End PBXCopyFilesBuildPhase section */

/* Begin PBXFileReference section */
		BEEE5C242B27C2790040C132 /* Safari Salesforce Inspector Reloaded.app */ = {isa = PBXFileReference; explicitFileType = wrapper.application; includeInIndex = 0; path = "Safari Salesforce Inspector Reloaded.app"; sourceTree = BUILT_PRODUCTS_DIR; };
		BEEE5C272B27C2790040C132 /* AppDelegate.swift */ = {isa = PBXFileReference; lastKnownFileType = sourcecode.swift; path = AppDelegate.swift; sourceTree = "<group>"; };
		BEEE5C2B2B27C2790040C132 /* Base */ = {isa = PBXFileReference; lastKnownFileType = text.html; name = Base; path = ../Base.lproj/Main.html; sourceTree = "<group>"; };
		BEEE5C2D2B27C2790040C132 /* Icon.png */ = {isa = PBXFileReference; lastKnownFileType = image.png; path = Icon.png; sourceTree = "<group>"; };
		BEEE5C2F2B27C2790040C132 /* Style.css */ = {isa = PBXFileReference; lastKnownFileType = text.css; path = Style.css; sourceTree = "<group>"; };
		BEEE5C312B27C2790040C132 /* Script.js */ = {isa = PBXFileReference; lastKnownFileType = sourcecode.javascript; path = Script.js; sourceTree = "<group>"; };
		BEEE5C332B27C2790040C132 /* ViewController.swift */ = {isa = PBXFileReference; lastKnownFileType = sourcecode.swift; path = ViewController.swift; sourceTree = "<group>"; };
		BEEE5C362B27C2790040C132 /* Base */ = {isa = PBXFileReference; lastKnownFileType = file.storyboard; name = Base; path = Base.lproj/Main.storyboard; sourceTree = "<group>"; };
		BEEE5C382B27C27A0040C132 /* Assets.xcassets */ = {isa = PBXFileReference; lastKnownFileType = folder.assetcatalog; path = Assets.xcassets; sourceTree = "<group>"; };
		BEEE5C3A2B27C27A0040C132 /* Safari_Salesforce_Inspector_Reloaded.entitlements */ = {isa = PBXFileReference; lastKnownFileType = text.plist.entitlements; path = Safari_Salesforce_Inspector_Reloaded.entitlements; sourceTree = "<group>"; };
		BEEE5C3B2B27C27A0040C132 /* Safari Salesforce Inspector Reloaded.entitlements */ = {isa = PBXFileReference; lastKnownFileType = text.plist.entitlements; path = "Safari Salesforce Inspector Reloaded.entitlements"; sourceTree = "<group>"; };
		BEEE5C402B27C27B0040C132 /* Safari Salesforce Inspector Reloaded Extension.appex */ = {isa = PBXFileReference; explicitFileType = "wrapper.app-extension"; includeInIndex = 0; path = "Safari Salesforce Inspector Reloaded Extension.appex"; sourceTree = BUILT_PRODUCTS_DIR; };
		BEEE5C452B27C27B0040C132 /* SafariWebExtensionHandler.swift */ = {isa = PBXFileReference; lastKnownFileType = sourcecode.swift; path = SafariWebExtensionHandler.swift; sourceTree = "<group>"; };
		BEEE5C482B27C27B0040C132 /* _locales */ = {isa = PBXFileReference; lastKnownFileType = folder; path = _locales; sourceTree = "<group>"; };
		BEEE5C4C2B27C27B0040C132 /* manifest.json */ = {isa = PBXFileReference; lastKnownFileType = text.json; path = manifest.json; sourceTree = "<group>"; };
		BEEE5C582B27C27B0040C132 /* Info.plist */ = {isa = PBXFileReference; lastKnownFileType = text.plist.xml; path = Info.plist; sourceTree = "<group>"; };
		BEEE5C592B27C27B0040C132 /* Safari_Salesforce_Inspector_Reloaded_Extension.entitlements */ = {isa = PBXFileReference; lastKnownFileType = text.plist.entitlements; path = Safari_Salesforce_Inspector_Reloaded_Extension.entitlements; sourceTree = "<group>"; };
		BEEE5C632B27C38E0040C132 /* inspector.js */ = {isa = PBXFileReference; fileEncoding = 4; lastKnownFileType = sourcecode.javascript; path = inspector.js; sourceTree = "<group>"; };
		BEEE5C642B27C38E0040C132 /* links.js */ = {isa = PBXFileReference; fileEncoding = 4; lastKnownFileType = sourcecode.javascript; path = links.js; sourceTree = "<group>"; };
		BEEE5C652B27C38E0040C132 /* data-export-test.js */ = {isa = PBXFileReference; fileEncoding = 4; lastKnownFileType = sourcecode.javascript; path = "data-export-test.js"; sourceTree = "<group>"; };
		BEEE5C662B27C38E0040C132 /* limits.js */ = {isa = PBXFileReference; fileEncoding = 4; lastKnownFileType = sourcecode.javascript; path = limits.js; sourceTree = "<group>"; };
		BEEE5C672B27C38E0040C132 /* test-framework.js */ = {isa = PBXFileReference; fileEncoding = 4; lastKnownFileType = sourcecode.javascript; path = "test-framework.js"; sourceTree = "<group>"; };
		BEEE5C682B27C38E0040C132 /* inspect.css */ = {isa = PBXFileReference; fileEncoding = 4; lastKnownFileType = text.css; path = inspect.css; sourceTree = "<group>"; };
		BEEE5C692B27C38E0040C132 /* metadata-retrieve.js */ = {isa = PBXFileReference; fileEncoding = 4; lastKnownFileType = sourcecode.javascript; path = "metadata-retrieve.js"; sourceTree = "<group>"; };
		BEEE5C6A2B27C38E0040C132 /* background.js */ = {isa = PBXFileReference; fileEncoding = 4; lastKnownFileType = sourcecode.javascript; name = background.js; path = "../../../Safari-Salesforce-Inspector-Reloaded/addon/background.js"; sourceTree = "<group>"; };
		BEEE5C6B2B27C38E0040C132 /* images */ = {isa = PBXFileReference; lastKnownFileType = folder; path = images; sourceTree = "<group>"; };
		BEEE5C6C2B27C38E0040C132 /* explore-api.html */ = {isa = PBXFileReference; fileEncoding = 4; lastKnownFileType = text.html; path = "explore-api.html"; sourceTree = "<group>"; };
		BEEE5C6D2B27C38E0040C132 /* react.min.js */ = {isa = PBXFileReference; fileEncoding = 4; lastKnownFileType = sourcecode.javascript; path = react.min.js; sourceTree = "<group>"; };
		BEEE5C6E2B27C38E0040C132 /* limits.html */ = {isa = PBXFileReference; fileEncoding = 4; lastKnownFileType = text.html; path = limits.html; sourceTree = "<group>"; };
		BEEE5C6F2B27C38E0040C132 /* icon128.png */ = {isa = PBXFileReference; lastKnownFileType = image.png; path = icon128.png; sourceTree = "<group>"; };
		BEEE5C702B27C38E0040C132 /* metadata-retrieve.css */ = {isa = PBXFileReference; fileEncoding = 4; lastKnownFileType = text.css; path = "metadata-retrieve.css"; sourceTree = "<group>"; };
		BEEE5C712B27C38E0040C132 /* data-import.css */ = {isa = PBXFileReference; fileEncoding = 4; lastKnownFileType = text.css; path = "data-import.css"; sourceTree = "<group>"; };
		BEEE5C722B27C38E0040C132 /* react-dom.min.js */ = {isa = PBXFileReference; fileEncoding = 4; lastKnownFileType = sourcecode.javascript; path = "react-dom.min.js"; sourceTree = "<group>"; };
		BEEE5C732B27C38E0040C132 /* sources.txt */ = {isa = PBXFileReference; fileEncoding = 4; lastKnownFileType = text; path = sources.txt; sourceTree = "<group>"; };
		BEEE5C742B27C38E0040C132 /* inspect-inline.js */ = {isa = PBXFileReference; fileEncoding = 4; lastKnownFileType = sourcecode.javascript; path = "inspect-inline.js"; sourceTree = "<group>"; };
		BEEE5C752B27C38E0040C132 /* popup.html */ = {isa = PBXFileReference; fileEncoding = 4; lastKnownFileType = text.html; name = popup.html; path = "../../../Safari-Salesforce-Inspector-Reloaded/addon/popup.html"; sourceTree = "<group>"; };
		BEEE5C762B27C38E0040C132 /* flags.css */ = {isa = PBXFileReference; fileEncoding = 4; lastKnownFileType = text.css; path = flags.css; sourceTree = "<group>"; };
		BEEE5C772B27C38E0040C132 /* test-framework.html */ = {isa = PBXFileReference; fileEncoding = 4; lastKnownFileType = text.html; path = "test-framework.html"; sourceTree = "<group>"; };
		BEEE5C782B27C38E0040C132 /* data-export.css */ = {isa = PBXFileReference; fileEncoding = 4; lastKnownFileType = text.css; path = "data-export.css"; sourceTree = "<group>"; };
		BEEE5C792B27C38E0040C132 /* inspect.html */ = {isa = PBXFileReference; fileEncoding = 4; lastKnownFileType = text.html; path = inspect.html; sourceTree = "<group>"; };
		BEEE5C7A2B27C38E0040C132 /* styles */ = {isa = PBXFileReference; lastKnownFileType = folder; path = styles; sourceTree = "<group>"; };
		BEEE5C7B2B27C38E0040C132 /* popup-test.js */ = {isa = PBXFileReference; fileEncoding = 4; lastKnownFileType = sourcecode.javascript; path = "popup-test.js"; sourceTree = "<group>"; };
		BEEE5C7C2B27C38E0040C132 /* data-import-test.js */ = {isa = PBXFileReference; fileEncoding = 4; lastKnownFileType = sourcecode.javascript; path = "data-import-test.js"; sourceTree = "<group>"; };
		BEEE5C7D2B27C38E0040C132 /* slds-spinner.css */ = {isa = PBXFileReference; fileEncoding = 4; lastKnownFileType = text.css; path = "slds-spinner.css"; sourceTree = "<group>"; };
		BEEE5C7E2B27C38F0040C132 /* popup.js */ = {isa = PBXFileReference; fileEncoding = 4; lastKnownFileType = sourcecode.javascript; name = popup.js; path = "../../../Safari-Salesforce-Inspector-Reloaded/addon/popup.js"; sourceTree = "<group>"; };
		BEEE5C7F2B27C38F0040C132 /* data-import.js */ = {isa = PBXFileReference; fileEncoding = 4; lastKnownFileType = sourcecode.javascript; path = "data-import.js"; sourceTree = "<group>"; };
		BEEE5C802B27C38F0040C132 /* react.js */ = {isa = PBXFileReference; fileEncoding = 4; lastKnownFileType = sourcecode.javascript; path = react.js; sourceTree = "<group>"; };
		BEEE5C812B27C38F0040C132 /* test-page.js */ = {isa = PBXFileReference; fileEncoding = 4; lastKnownFileType = sourcecode.javascript; path = "test-page.js"; sourceTree = "<group>"; };
		BEEE5C822B27C38F0040C132 /* symbols.svg */ = {isa = PBXFileReference; fileEncoding = 4; lastKnownFileType = text; path = symbols.svg; sourceTree = "<group>"; };
		BEEE5C832B27C38F0040C132 /* inspect-inline.css */ = {isa = PBXFileReference; fileEncoding = 4; lastKnownFileType = text.css; path = "inspect-inline.css"; sourceTree = "<group>"; };
		BEEE5C842B27C38F0040C132 /* react-dom.js */ = {isa = PBXFileReference; fileEncoding = 4; lastKnownFileType = sourcecode.javascript; path = "react-dom.js"; sourceTree = "<group>"; };
		BEEE5CA72B27C39C0040C132 /* fonts */ = {isa = PBXFileReference; lastKnownFileType = folder; path = fonts; sourceTree = "<group>"; };
		BEEE5CA82B27C39C0040C132 /* popup.css */ = {isa = PBXFileReference; fileEncoding = 4; lastKnownFileType = text.css; name = popup.css; path = "../../../Safari-Salesforce-Inspector-Reloaded/addon/popup.css"; sourceTree = "<group>"; };
		BEEE5CA92B27C39C0040C132 /* csv-parse.js */ = {isa = PBXFileReference; fileEncoding = 4; lastKnownFileType = sourcecode.javascript; path = "csv-parse.js"; sourceTree = "<group>"; };
		BEEE5CAA2B27C39C0040C132 /* limits.css */ = {isa = PBXFileReference; fileEncoding = 4; lastKnownFileType = text.css; path = limits.css; sourceTree = "<group>"; };
		BEEE5CAB2B27C39C0040C132 /* data-import.html */ = {isa = PBXFileReference; fileEncoding = 4; lastKnownFileType = text.html; path = "data-import.html"; sourceTree = "<group>"; };
		BEEE5CAC2B27C39C0040C132 /* inspect.js */ = {isa = PBXFileReference; fileEncoding = 4; lastKnownFileType = sourcecode.javascript; path = inspect.js; sourceTree = "<group>"; };
		BEEE5CAD2B27C39C0040C132 /* data-export.html */ = {isa = PBXFileReference; fileEncoding = 4; lastKnownFileType = text.html; path = "data-export.html"; sourceTree = "<group>"; };
		BEEE5CAE2B27C39C0040C132 /* setup-links.js */ = {isa = PBXFileReference; fileEncoding = 4; lastKnownFileType = sourcecode.javascript; path = "setup-links.js"; sourceTree = "<group>"; };
		BEEE5CAF2B27C39C0040C132 /* test-page.html */ = {isa = PBXFileReference; fileEncoding = 4; lastKnownFileType = text.html; path = "test-page.html"; sourceTree = "<group>"; };
		BEEE5CB02B27C39C0040C132 /* csv-parse-test.js */ = {isa = PBXFileReference; fileEncoding = 4; lastKnownFileType = sourcecode.javascript; path = "csv-parse-test.js"; sourceTree = "<group>"; };
		BEEE5CB12B27C39C0040C132 /* manifest-template.json */ = {isa = PBXFileReference; fileEncoding = 4; lastKnownFileType = text.json; path = "manifest-template.json"; sourceTree = "<group>"; };
		BEEE5CB22B27C39C0040C132 /* explore-api.js */ = {isa = PBXFileReference; fileEncoding = 4; lastKnownFileType = sourcecode.javascript; path = "explore-api.js"; sourceTree = "<group>"; };
		BEEE5CB32B27C39C0040C132 /* data-export.js */ = {isa = PBXFileReference; fileEncoding = 4; lastKnownFileType = sourcecode.javascript; path = "data-export.js"; sourceTree = "<group>"; };
		BEEE5CB42B27C39C0040C132 /* metadata-retrieve.html */ = {isa = PBXFileReference; fileEncoding = 4; lastKnownFileType = text.html; path = "metadata-retrieve.html"; sourceTree = "<group>"; };
		BEEE5CB52B27C39C0040C132 /* explore-api.css */ = {isa = PBXFileReference; fileEncoding = 4; lastKnownFileType = text.css; path = "explore-api.css"; sourceTree = "<group>"; };
		BEEE5CB62B27C39C0040C132 /* button.css */ = {isa = PBXFileReference; fileEncoding = 4; lastKnownFileType = text.css; path = button.css; sourceTree = "<group>"; };
		BEEE5CB72B27C39C0040C132 /* data-load.js */ = {isa = PBXFileReference; fileEncoding = 4; lastKnownFileType = sourcecode.javascript; path = "data-load.js"; sourceTree = "<group>"; };
		BEEE5CB82B27C39C0040C132 /* button.js */ = {isa = PBXFileReference; fileEncoding = 4; lastKnownFileType = sourcecode.javascript; path = button.js; sourceTree = "<group>"; };
		BEEE5CB92B27C39C0040C132 /* data-load.css */ = {isa = PBXFileReference; fileEncoding = 4; lastKnownFileType = text.css; path = "data-load.css"; sourceTree = "<group>"; };
/* End PBXFileReference section */

/* Begin PBXFrameworksBuildPhase section */
		BEEE5C212B27C2790040C132 /* Frameworks */ = {
			isa = PBXFrameworksBuildPhase;
			buildActionMask = 2147483647;
			files = (
			);
			runOnlyForDeploymentPostprocessing = 0;
		};
		BEEE5C3D2B27C27B0040C132 /* Frameworks */ = {
			isa = PBXFrameworksBuildPhase;
			buildActionMask = 2147483647;
			files = (
			);
			runOnlyForDeploymentPostprocessing = 0;
		};
/* End PBXFrameworksBuildPhase section */

/* Begin PBXGroup section */
		BEEE5C1B2B27C2790040C132 = {
			isa = PBXGroup;
			children = (
				BEEE5C262B27C2790040C132 /* Safari Salesforce Inspector Reloaded */,
				BEEE5C442B27C27B0040C132 /* Safari Salesforce Inspector Reloaded Extension */,
				BEEE5C252B27C2790040C132 /* Products */,
			);
			sourceTree = "<group>";
		};
		BEEE5C252B27C2790040C132 /* Products */ = {
			isa = PBXGroup;
			children = (
				BEEE5C242B27C2790040C132 /* Safari Salesforce Inspector Reloaded.app */,
				BEEE5C402B27C27B0040C132 /* Safari Salesforce Inspector Reloaded Extension.appex */,
			);
			name = Products;
			sourceTree = "<group>";
		};
		BEEE5C262B27C2790040C132 /* Safari Salesforce Inspector Reloaded */ = {
			isa = PBXGroup;
			children = (
				BEEE5C272B27C2790040C132 /* AppDelegate.swift */,
				BEEE5C332B27C2790040C132 /* ViewController.swift */,
				BEEE5C352B27C2790040C132 /* Main.storyboard */,
				BEEE5C382B27C27A0040C132 /* Assets.xcassets */,
				BEEE5C3A2B27C27A0040C132 /* Safari_Salesforce_Inspector_Reloaded.entitlements */,
				BEEE5C3B2B27C27A0040C132 /* Safari Salesforce Inspector Reloaded.entitlements */,
				BEEE5C292B27C2790040C132 /* Resources */,
			);
			path = "Safari Salesforce Inspector Reloaded";
			sourceTree = "<group>";
		};
		BEEE5C292B27C2790040C132 /* Resources */ = {
			isa = PBXGroup;
			children = (
				BEEE5C2A2B27C2790040C132 /* Main.html */,
				BEEE5C2D2B27C2790040C132 /* Icon.png */,
				BEEE5C2F2B27C2790040C132 /* Style.css */,
				BEEE5C312B27C2790040C132 /* Script.js */,
			);
			path = Resources;
			sourceTree = "<group>";
		};
		BEEE5C442B27C27B0040C132 /* Safari Salesforce Inspector Reloaded Extension */ = {
			isa = PBXGroup;
			children = (
				BEEE5C452B27C27B0040C132 /* SafariWebExtensionHandler.swift */,
				BEEE5C582B27C27B0040C132 /* Info.plist */,
				BEEE5C592B27C27B0040C132 /* Safari_Salesforce_Inspector_Reloaded_Extension.entitlements */,
				BEEE5C472B27C27B0040C132 /* Resources */,
			);
			path = "Safari Salesforce Inspector Reloaded Extension";
			sourceTree = "<group>";
		};
		BEEE5C472B27C27B0040C132 /* Resources */ = {
			isa = PBXGroup;
			children = (
				BEEE5C6A2B27C38E0040C132 /* background.js */,
				BEEE5C652B27C38E0040C132 /* data-export-test.js */,
				BEEE5C782B27C38E0040C132 /* data-export.css */,
				BEEE5C7C2B27C38E0040C132 /* data-import-test.js */,
				BEEE5C712B27C38E0040C132 /* data-import.css */,
				BEEE5C7F2B27C38F0040C132 /* data-import.js */,
				BEEE5C6C2B27C38E0040C132 /* explore-api.html */,
				BEEE5C762B27C38E0040C132 /* flags.css */,
				BEEE5C6F2B27C38E0040C132 /* icon128.png */,
				BEEE5C6B2B27C38E0040C132 /* images */,
				BEEE5C832B27C38F0040C132 /* inspect-inline.css */,
				BEEE5C742B27C38E0040C132 /* inspect-inline.js */,
				BEEE5C682B27C38E0040C132 /* inspect.css */,
				BEEE5C792B27C38E0040C132 /* inspect.html */,
				BEEE5C632B27C38E0040C132 /* inspector.js */,
				BEEE5C6E2B27C38E0040C132 /* limits.html */,
				BEEE5C662B27C38E0040C132 /* limits.js */,
				BEEE5C642B27C38E0040C132 /* links.js */,
				BEEE5C702B27C38E0040C132 /* metadata-retrieve.css */,
				BEEE5C692B27C38E0040C132 /* metadata-retrieve.js */,
				BEEE5C7B2B27C38E0040C132 /* popup-test.js */,
				BEEE5C752B27C38E0040C132 /* popup.html */,
				BEEE5C7E2B27C38F0040C132 /* popup.js */,
				BEEE5C842B27C38F0040C132 /* react-dom.js */,
				BEEE5C722B27C38E0040C132 /* react-dom.min.js */,
				BEEE5C802B27C38F0040C132 /* react.js */,
				BEEE5C6D2B27C38E0040C132 /* react.min.js */,
				BEEE5CB62B27C39C0040C132 /* button.css */,
				BEEE5CB82B27C39C0040C132 /* button.js */,
				BEEE5CB02B27C39C0040C132 /* csv-parse-test.js */,
				BEEE5CA92B27C39C0040C132 /* csv-parse.js */,
				BEEE5CAD2B27C39C0040C132 /* data-export.html */,
				BEEE5CB32B27C39C0040C132 /* data-export.js */,
				BEEE5CAB2B27C39C0040C132 /* data-import.html */,
				BEEE5CB92B27C39C0040C132 /* data-load.css */,
				BEEE5CB72B27C39C0040C132 /* data-load.js */,
				BEEE5CB52B27C39C0040C132 /* explore-api.css */,
				BEEE5CB22B27C39C0040C132 /* explore-api.js */,
				BEEE5CA72B27C39C0040C132 /* fonts */,
				BEEE5CAC2B27C39C0040C132 /* inspect.js */,
				BEEE5CAA2B27C39C0040C132 /* limits.css */,
				BEEE5CB12B27C39C0040C132 /* manifest-template.json */,
				BEEE5CB42B27C39C0040C132 /* metadata-retrieve.html */,
				BEEE5CA82B27C39C0040C132 /* popup.css */,
				BEEE5CAE2B27C39C0040C132 /* setup-links.js */,
				BEEE5CAF2B27C39C0040C132 /* test-page.html */,
				BEEE5C7D2B27C38E0040C132 /* slds-spinner.css */,
				BEEE5C732B27C38E0040C132 /* sources.txt */,
				BEEE5C7A2B27C38E0040C132 /* styles */,
				BEEE5C822B27C38F0040C132 /* symbols.svg */,
				BEEE5C772B27C38E0040C132 /* test-framework.html */,
				BEEE5C672B27C38E0040C132 /* test-framework.js */,
				BEEE5C812B27C38F0040C132 /* test-page.js */,
				BEEE5C482B27C27B0040C132 /* _locales */,
				BEEE5C4C2B27C27B0040C132 /* manifest.json */,
			);
			path = Resources;
			sourceTree = "<group>";
		};
/* End PBXGroup section */

/* Begin PBXNativeTarget section */
		BEEE5C232B27C2790040C132 /* Safari Salesforce Inspector Reloaded */ = {
			isa = PBXNativeTarget;
			buildConfigurationList = BEEE5C602B27C27B0040C132 /* Build configuration list for PBXNativeTarget "Safari Salesforce Inspector Reloaded" */;
			buildPhases = (
				BEEE5C202B27C2790040C132 /* Sources */,
				BEEE5C212B27C2790040C132 /* Frameworks */,
				BEEE5C222B27C2790040C132 /* Resources */,
				BEEE5C5F2B27C27B0040C132 /* Embed Foundation Extensions */,
			);
			buildRules = (
			);
			dependencies = (
				BEEE5C432B27C27B0040C132 /* PBXTargetDependency */,
			);
			name = "Safari Salesforce Inspector Reloaded";
			productName = "Safari Salesforce Inspector Reloaded";
			productReference = BEEE5C242B27C2790040C132 /* Safari Salesforce Inspector Reloaded.app */;
			productType = "com.apple.product-type.application";
		};
		BEEE5C3F2B27C27B0040C132 /* Safari Salesforce Inspector Reloaded Extension */ = {
			isa = PBXNativeTarget;
			buildConfigurationList = BEEE5C5C2B27C27B0040C132 /* Build configuration list for PBXNativeTarget "Safari Salesforce Inspector Reloaded Extension" */;
			buildPhases = (
				BEEE5C3C2B27C27B0040C132 /* Sources */,
				BEEE5C3D2B27C27B0040C132 /* Frameworks */,
				BEEE5C3E2B27C27B0040C132 /* Resources */,
			);
			buildRules = (
			);
			dependencies = (
			);
			name = "Safari Salesforce Inspector Reloaded Extension";
			productName = "Safari Salesforce Inspector Reloaded Extension";
			productReference = BEEE5C402B27C27B0040C132 /* Safari Salesforce Inspector Reloaded Extension.appex */;
			productType = "com.apple.product-type.app-extension";
		};
/* End PBXNativeTarget section */

/* Begin PBXProject section */
		BEEE5C1C2B27C2790040C132 /* Project object */ = {
			isa = PBXProject;
			attributes = {
				BuildIndependentTargetsInParallel = 1;
				LastSwiftUpdateCheck = 1500;
				LastUpgradeCheck = 1500;
				TargetAttributes = {
					BEEE5C232B27C2790040C132 = {
						CreatedOnToolsVersion = 15.0.1;
					};
					BEEE5C3F2B27C27B0040C132 = {
						CreatedOnToolsVersion = 15.0.1;
					};
				};
			};
			buildConfigurationList = BEEE5C1F2B27C2790040C132 /* Build configuration list for PBXProject "Safari Salesforce Inspector Reloaded" */;
			compatibilityVersion = "Xcode 14.0";
			developmentRegion = en;
			hasScannedForEncodings = 0;
			knownRegions = (
				en,
				Base,
			);
			mainGroup = BEEE5C1B2B27C2790040C132;
			productRefGroup = BEEE5C252B27C2790040C132 /* Products */;
			projectDirPath = "";
			projectRoot = "";
			targets = (
				BEEE5C232B27C2790040C132 /* Safari Salesforce Inspector Reloaded */,
				BEEE5C3F2B27C27B0040C132 /* Safari Salesforce Inspector Reloaded Extension */,
			);
		};
/* End PBXProject section */

/* Begin PBXResourcesBuildPhase section */
		BEEE5C222B27C2790040C132 /* Resources */ = {
			isa = PBXResourcesBuildPhase;
			buildActionMask = 2147483647;
			files = (
				BEEE5C2E2B27C2790040C132 /* Icon.png in Resources */,
				BEEE5C372B27C2790040C132 /* Main.storyboard in Resources */,
				BEEE5C322B27C2790040C132 /* Script.js in Resources */,
				BEEE5C2C2B27C2790040C132 /* Main.html in Resources */,
				BEEE5C392B27C27A0040C132 /* Assets.xcassets in Resources */,
				BEEE5C302B27C2790040C132 /* Style.css in Resources */,
			);
			runOnlyForDeploymentPostprocessing = 0;
		};
		BEEE5C3E2B27C27B0040C132 /* Resources */ = {
			isa = PBXResourcesBuildPhase;
			buildActionMask = 2147483647;
			files = (
				BEEE5C922B27C38F0040C132 /* metadata-retrieve.css in Resources */,
				BEEE5C8D2B27C38F0040C132 /* images in Resources */,
				BEEE5CA22B27C38F0040C132 /* react.js in Resources */,
				BEEE5C952B27C38F0040C132 /* sources.txt in Resources */,
				BEEE5CC62B27C39C0040C132 /* data-export.js in Resources */,
				BEEE5C8F2B27C38F0040C132 /* react.min.js in Resources */,
				BEEE5C942B27C38F0040C132 /* react-dom.min.js in Resources */,
				BEEE5C8A2B27C38F0040C132 /* inspect.css in Resources */,
				BEEE5C912B27C38F0040C132 /* icon128.png in Resources */,
				BEEE5CC82B27C39C0040C132 /* explore-api.css in Resources */,
				BEEE5CC12B27C39C0040C132 /* setup-links.js in Resources */,
				BEEE5CCC2B27C39C0040C132 /* data-load.css in Resources */,
				BEEE5CBB2B27C39C0040C132 /* popup.css in Resources */,
				BEEE5C872B27C38F0040C132 /* data-export-test.js in Resources */,
				BEEE5C8C2B27C38F0040C132 /* background.js in Resources */,
				BEEE5C8B2B27C38F0040C132 /* metadata-retrieve.js in Resources */,
				BEEE5CA12B27C38F0040C132 /* data-import.js in Resources */,
				BEEE5CBE2B27C39C0040C132 /* data-import.html in Resources */,
				BEEE5CC52B27C39C0040C132 /* explore-api.js in Resources */,
				BEEE5C9C2B27C38F0040C132 /* styles in Resources */,
				BEEE5CA02B27C38F0040C132 /* popup.js in Resources */,
				BEEE5CBD2B27C39C0040C132 /* limits.css in Resources */,
				BEEE5CCA2B27C39C0040C132 /* data-load.js in Resources */,
				BEEE5CA32B27C38F0040C132 /* test-page.js in Resources */,
				BEEE5CC42B27C39C0040C132 /* manifest-template.json in Resources */,
				BEEE5C9E2B27C38F0040C132 /* data-import-test.js in Resources */,
				BEEE5C902B27C38F0040C132 /* limits.html in Resources */,
				BEEE5CC32B27C39C0040C132 /* csv-parse-test.js in Resources */,
				BEEE5CA52B27C38F0040C132 /* inspect-inline.css in Resources */,
				BEEE5CC02B27C39C0040C132 /* data-export.html in Resources */,
				BEEE5C962B27C38F0040C132 /* inspect-inline.js in Resources */,
				BEEE5CBA2B27C39C0040C132 /* fonts in Resources */,
				BEEE5C4D2B27C27B0040C132 /* manifest.json in Resources */,
				BEEE5C8E2B27C38F0040C132 /* explore-api.html in Resources */,
				BEEE5C982B27C38F0040C132 /* flags.css in Resources */,
				BEEE5CBF2B27C39C0040C132 /* inspect.js in Resources */,
				BEEE5CBC2B27C39C0040C132 /* csv-parse.js in Resources */,
				BEEE5CC72B27C39C0040C132 /* metadata-retrieve.html in Resources */,
				BEEE5C9B2B27C38F0040C132 /* inspect.html in Resources */,
				BEEE5C862B27C38F0040C132 /* links.js in Resources */,
				BEEE5CA62B27C38F0040C132 /* react-dom.js in Resources */,
				BEEE5CA42B27C38F0040C132 /* symbols.svg in Resources */,
				BEEE5CCB2B27C39C0040C132 /* button.js in Resources */,
				BEEE5C9D2B27C38F0040C132 /* popup-test.js in Resources */,
				BEEE5C882B27C38F0040C132 /* limits.js in Resources */,
				BEEE5CC22B27C39C0040C132 /* test-page.html in Resources */,
				BEEE5C992B27C38F0040C132 /* test-framework.html in Resources */,
				BEEE5C852B27C38F0040C132 /* inspector.js in Resources */,
				BEEE5C932B27C38F0040C132 /* data-import.css in Resources */,
				BEEE5C972B27C38F0040C132 /* popup.html in Resources */,
				BEEE5C492B27C27B0040C132 /* _locales in Resources */,
				BEEE5C892B27C38F0040C132 /* test-framework.js in Resources */,
				BEEE5CC92B27C39C0040C132 /* button.css in Resources */,
				BEEE5C9A2B27C38F0040C132 /* data-export.css in Resources */,
				BEEE5C9F2B27C38F0040C132 /* slds-spinner.css in Resources */,
			);
			runOnlyForDeploymentPostprocessing = 0;
		};
/* End PBXResourcesBuildPhase section */

/* Begin PBXSourcesBuildPhase section */
		BEEE5C202B27C2790040C132 /* Sources */ = {
			isa = PBXSourcesBuildPhase;
			buildActionMask = 2147483647;
			files = (
				BEEE5C342B27C2790040C132 /* ViewController.swift in Sources */,
				BEEE5C282B27C2790040C132 /* AppDelegate.swift in Sources */,
			);
			runOnlyForDeploymentPostprocessing = 0;
		};
		BEEE5C3C2B27C27B0040C132 /* Sources */ = {
			isa = PBXSourcesBuildPhase;
			buildActionMask = 2147483647;
			files = (
				BEEE5C462B27C27B0040C132 /* SafariWebExtensionHandler.swift in Sources */,
			);
			runOnlyForDeploymentPostprocessing = 0;
		};
/* End PBXSourcesBuildPhase section */

/* Begin PBXTargetDependency section */
		BEEE5C432B27C27B0040C132 /* PBXTargetDependency */ = {
			isa = PBXTargetDependency;
			target = BEEE5C3F2B27C27B0040C132 /* Safari Salesforce Inspector Reloaded Extension */;
			targetProxy = BEEE5C422B27C27B0040C132 /* PBXContainerItemProxy */;
		};
/* End PBXTargetDependency section */

/* Begin PBXVariantGroup section */
		BEEE5C2A2B27C2790040C132 /* Main.html */ = {
			isa = PBXVariantGroup;
			children = (
				BEEE5C2B2B27C2790040C132 /* Base */,
			);
			name = Main.html;
			sourceTree = "<group>";
		};
		BEEE5C352B27C2790040C132 /* Main.storyboard */ = {
			isa = PBXVariantGroup;
			children = (
				BEEE5C362B27C2790040C132 /* Base */,
			);
			name = Main.storyboard;
			sourceTree = "<group>";
		};
/* End PBXVariantGroup section */

/* Begin XCBuildConfiguration section */
		BEEE5C5A2B27C27B0040C132 /* Debug */ = {
			isa = XCBuildConfiguration;
			buildSettings = {
				ALWAYS_SEARCH_USER_PATHS = NO;
				ASSETCATALOG_COMPILER_GENERATE_SWIFT_ASSET_SYMBOL_EXTENSIONS = YES;
				CLANG_ANALYZER_NONNULL = YES;
				CLANG_ANALYZER_NUMBER_OBJECT_CONVERSION = YES_AGGRESSIVE;
				CLANG_CXX_LANGUAGE_STANDARD = "gnu++20";
				CLANG_ENABLE_MODULES = YES;
				CLANG_ENABLE_OBJC_ARC = YES;
				CLANG_ENABLE_OBJC_WEAK = YES;
				CLANG_WARN_BLOCK_CAPTURE_AUTORELEASING = YES;
				CLANG_WARN_BOOL_CONVERSION = YES;
				CLANG_WARN_COMMA = YES;
				CLANG_WARN_CONSTANT_CONVERSION = YES;
				CLANG_WARN_DEPRECATED_OBJC_IMPLEMENTATIONS = YES;
				CLANG_WARN_DIRECT_OBJC_ISA_USAGE = YES_ERROR;
				CLANG_WARN_DOCUMENTATION_COMMENTS = YES;
				CLANG_WARN_EMPTY_BODY = YES;
				CLANG_WARN_ENUM_CONVERSION = YES;
				CLANG_WARN_INFINITE_RECURSION = YES;
				CLANG_WARN_INT_CONVERSION = YES;
				CLANG_WARN_NON_LITERAL_NULL_CONVERSION = YES;
				CLANG_WARN_OBJC_IMPLICIT_RETAIN_SELF = YES;
				CLANG_WARN_OBJC_LITERAL_CONVERSION = YES;
				CLANG_WARN_OBJC_ROOT_CLASS = YES_ERROR;
				CLANG_WARN_QUOTED_INCLUDE_IN_FRAMEWORK_HEADER = YES;
				CLANG_WARN_RANGE_LOOP_ANALYSIS = YES;
				CLANG_WARN_STRICT_PROTOTYPES = YES;
				CLANG_WARN_SUSPICIOUS_MOVE = YES;
				CLANG_WARN_UNGUARDED_AVAILABILITY = YES_AGGRESSIVE;
				CLANG_WARN_UNREACHABLE_CODE = YES;
				CLANG_WARN__DUPLICATE_METHOD_MATCH = YES;
				COPY_PHASE_STRIP = NO;
				DEBUG_INFORMATION_FORMAT = dwarf;
				ENABLE_STRICT_OBJC_MSGSEND = YES;
				ENABLE_TESTABILITY = YES;
				ENABLE_USER_SCRIPT_SANDBOXING = YES;
				GCC_C_LANGUAGE_STANDARD = gnu17;
				GCC_DYNAMIC_NO_PIC = NO;
				GCC_NO_COMMON_BLOCKS = YES;
				GCC_OPTIMIZATION_LEVEL = 0;
				GCC_PREPROCESSOR_DEFINITIONS = (
					"DEBUG=1",
					"$(inherited)",
				);
				GCC_WARN_64_TO_32_BIT_CONVERSION = YES;
				GCC_WARN_ABOUT_RETURN_TYPE = YES_ERROR;
				GCC_WARN_UNDECLARED_SELECTOR = YES;
				GCC_WARN_UNINITIALIZED_AUTOS = YES_AGGRESSIVE;
				GCC_WARN_UNUSED_FUNCTION = YES;
				GCC_WARN_UNUSED_VARIABLE = YES;
				LOCALIZATION_PREFERS_STRING_CATALOGS = YES;
				MACOSX_DEPLOYMENT_TARGET = 14.0;
				MTL_ENABLE_DEBUG_INFO = INCLUDE_SOURCE;
				MTL_FAST_MATH = YES;
				ONLY_ACTIVE_ARCH = YES;
				SDKROOT = macosx;
				SWIFT_ACTIVE_COMPILATION_CONDITIONS = "DEBUG $(inherited)";
				SWIFT_OPTIMIZATION_LEVEL = "-Onone";
			};
			name = Debug;
		};
		BEEE5C5B2B27C27B0040C132 /* Release */ = {
			isa = XCBuildConfiguration;
			buildSettings = {
				ALWAYS_SEARCH_USER_PATHS = NO;
				ASSETCATALOG_COMPILER_GENERATE_SWIFT_ASSET_SYMBOL_EXTENSIONS = YES;
				CLANG_ANALYZER_NONNULL = YES;
				CLANG_ANALYZER_NUMBER_OBJECT_CONVERSION = YES_AGGRESSIVE;
				CLANG_CXX_LANGUAGE_STANDARD = "gnu++20";
				CLANG_ENABLE_MODULES = YES;
				CLANG_ENABLE_OBJC_ARC = YES;
				CLANG_ENABLE_OBJC_WEAK = YES;
				CLANG_WARN_BLOCK_CAPTURE_AUTORELEASING = YES;
				CLANG_WARN_BOOL_CONVERSION = YES;
				CLANG_WARN_COMMA = YES;
				CLANG_WARN_CONSTANT_CONVERSION = YES;
				CLANG_WARN_DEPRECATED_OBJC_IMPLEMENTATIONS = YES;
				CLANG_WARN_DIRECT_OBJC_ISA_USAGE = YES_ERROR;
				CLANG_WARN_DOCUMENTATION_COMMENTS = YES;
				CLANG_WARN_EMPTY_BODY = YES;
				CLANG_WARN_ENUM_CONVERSION = YES;
				CLANG_WARN_INFINITE_RECURSION = YES;
				CLANG_WARN_INT_CONVERSION = YES;
				CLANG_WARN_NON_LITERAL_NULL_CONVERSION = YES;
				CLANG_WARN_OBJC_IMPLICIT_RETAIN_SELF = YES;
				CLANG_WARN_OBJC_LITERAL_CONVERSION = YES;
				CLANG_WARN_OBJC_ROOT_CLASS = YES_ERROR;
				CLANG_WARN_QUOTED_INCLUDE_IN_FRAMEWORK_HEADER = YES;
				CLANG_WARN_RANGE_LOOP_ANALYSIS = YES;
				CLANG_WARN_STRICT_PROTOTYPES = YES;
				CLANG_WARN_SUSPICIOUS_MOVE = YES;
				CLANG_WARN_UNGUARDED_AVAILABILITY = YES_AGGRESSIVE;
				CLANG_WARN_UNREACHABLE_CODE = YES;
				CLANG_WARN__DUPLICATE_METHOD_MATCH = YES;
				COPY_PHASE_STRIP = NO;
				DEBUG_INFORMATION_FORMAT = "dwarf-with-dsym";
				ENABLE_NS_ASSERTIONS = NO;
				ENABLE_STRICT_OBJC_MSGSEND = YES;
				ENABLE_USER_SCRIPT_SANDBOXING = YES;
				GCC_C_LANGUAGE_STANDARD = gnu17;
				GCC_NO_COMMON_BLOCKS = YES;
				GCC_WARN_64_TO_32_BIT_CONVERSION = YES;
				GCC_WARN_ABOUT_RETURN_TYPE = YES_ERROR;
				GCC_WARN_UNDECLARED_SELECTOR = YES;
				GCC_WARN_UNINITIALIZED_AUTOS = YES_AGGRESSIVE;
				GCC_WARN_UNUSED_FUNCTION = YES;
				GCC_WARN_UNUSED_VARIABLE = YES;
				LOCALIZATION_PREFERS_STRING_CATALOGS = YES;
				MACOSX_DEPLOYMENT_TARGET = 14.0;
				MTL_ENABLE_DEBUG_INFO = NO;
				MTL_FAST_MATH = YES;
				SDKROOT = macosx;
				SWIFT_COMPILATION_MODE = wholemodule;
			};
			name = Release;
		};
		BEEE5C5D2B27C27B0040C132 /* Debug */ = {
			isa = XCBuildConfiguration;
			buildSettings = {
				CODE_SIGN_ENTITLEMENTS = "Safari Salesforce Inspector Reloaded Extension/Safari_Salesforce_Inspector_Reloaded_Extension.entitlements";
				CODE_SIGN_STYLE = Automatic;
				CURRENT_PROJECT_VERSION = 1;
				DEVELOPMENT_TEAM = UAF5HBHXWW;
				ENABLE_HARDENED_RUNTIME = YES;
				GENERATE_INFOPLIST_FILE = YES;
				INFOPLIST_FILE = "Safari Salesforce Inspector Reloaded Extension/Info.plist";
				INFOPLIST_KEY_CFBundleDisplayName = "Safari Salesforce Inspector Reloaded Extension";
				INFOPLIST_KEY_NSHumanReadableCopyright = "";
				LD_RUNPATH_SEARCH_PATHS = (
					"$(inherited)",
					"@executable_path/../Frameworks",
					"@executable_path/../../../../Frameworks",
				);
				MACOSX_DEPLOYMENT_TARGET = 10.14;
				MARKETING_VERSION = 1.0;
				OTHER_LDFLAGS = (
					"-framework",
					SafariServices,
				);
				PRODUCT_BUNDLE_IDENTIFIER = "com.quonsepto.Safari-Salesforce-Inspector-Reloaded.Extension";
				PRODUCT_NAME = "$(TARGET_NAME)";
				SKIP_INSTALL = YES;
				SWIFT_EMIT_LOC_STRINGS = YES;
				SWIFT_VERSION = 5.0;
			};
			name = Debug;
		};
		BEEE5C5E2B27C27B0040C132 /* Release */ = {
			isa = XCBuildConfiguration;
			buildSettings = {
				CODE_SIGN_ENTITLEMENTS = "Safari Salesforce Inspector Reloaded Extension/Safari_Salesforce_Inspector_Reloaded_Extension.entitlements";
				CODE_SIGN_STYLE = Automatic;
				CURRENT_PROJECT_VERSION = 1;
				DEVELOPMENT_TEAM = UAF5HBHXWW;
				ENABLE_HARDENED_RUNTIME = YES;
				GENERATE_INFOPLIST_FILE = YES;
				INFOPLIST_FILE = "Safari Salesforce Inspector Reloaded Extension/Info.plist";
				INFOPLIST_KEY_CFBundleDisplayName = "Safari Salesforce Inspector Reloaded Extension";
				INFOPLIST_KEY_NSHumanReadableCopyright = "";
				LD_RUNPATH_SEARCH_PATHS = (
					"$(inherited)",
					"@executable_path/../Frameworks",
					"@executable_path/../../../../Frameworks",
				);
				MACOSX_DEPLOYMENT_TARGET = 10.14;
				MARKETING_VERSION = 1.0;
				OTHER_LDFLAGS = (
					"-framework",
					SafariServices,
				);
				PRODUCT_BUNDLE_IDENTIFIER = "com.quonsepto.Safari-Salesforce-Inspector-Reloaded.Extension";
				PRODUCT_NAME = "$(TARGET_NAME)";
				SKIP_INSTALL = YES;
				SWIFT_EMIT_LOC_STRINGS = YES;
				SWIFT_VERSION = 5.0;
			};
			name = Release;
		};
		BEEE5C612B27C27B0040C132 /* Debug */ = {
			isa = XCBuildConfiguration;
			buildSettings = {
				ALWAYS_EMBED_SWIFT_STANDARD_LIBRARIES = YES;
				ASSETCATALOG_COMPILER_APPICON_NAME = AppIcon;
				ASSETCATALOG_COMPILER_GLOBAL_ACCENT_COLOR_NAME = AccentColor;
				CODE_SIGN_ENTITLEMENTS = "Safari Salesforce Inspector Reloaded/Safari Salesforce Inspector Reloaded.entitlements";
				CODE_SIGN_STYLE = Automatic;
				COMBINE_HIDPI_IMAGES = YES;
				CURRENT_PROJECT_VERSION = 1;
				DEVELOPMENT_TEAM = UAF5HBHXWW;
				ENABLE_HARDENED_RUNTIME = YES;
				GENERATE_INFOPLIST_FILE = YES;
				INFOPLIST_KEY_CFBundleDisplayName = "Safari Salesforce Inspector Reloaded";
				INFOPLIST_KEY_NSHumanReadableCopyright = "";
				INFOPLIST_KEY_NSMainStoryboardFile = Main;
				INFOPLIST_KEY_NSPrincipalClass = NSApplication;
				LD_RUNPATH_SEARCH_PATHS = (
					"$(inherited)",
					"@executable_path/../Frameworks",
				);
				MACOSX_DEPLOYMENT_TARGET = 10.14;
				MARKETING_VERSION = 1.0;
				OTHER_LDFLAGS = (
					"-framework",
					SafariServices,
					"-framework",
					WebKit,
				);
				PRODUCT_BUNDLE_IDENTIFIER = "com.quonsepto.Safari-Salesforce-Inspector-Reloaded";
				PRODUCT_NAME = "$(TARGET_NAME)";
				SWIFT_EMIT_LOC_STRINGS = YES;
				SWIFT_VERSION = 5.0;
			};
			name = Debug;
		};
		BEEE5C622B27C27B0040C132 /* Release */ = {
			isa = XCBuildConfiguration;
			buildSettings = {
				ALWAYS_EMBED_SWIFT_STANDARD_LIBRARIES = YES;
				ASSETCATALOG_COMPILER_APPICON_NAME = AppIcon;
				ASSETCATALOG_COMPILER_GLOBAL_ACCENT_COLOR_NAME = AccentColor;
				CODE_SIGN_ENTITLEMENTS = "Safari Salesforce Inspector Reloaded/Safari Salesforce Inspector Reloaded.entitlements";
				CODE_SIGN_STYLE = Automatic;
				COMBINE_HIDPI_IMAGES = YES;
				CURRENT_PROJECT_VERSION = 1;
				DEVELOPMENT_TEAM = UAF5HBHXWW;
				ENABLE_HARDENED_RUNTIME = YES;
				GENERATE_INFOPLIST_FILE = YES;
				INFOPLIST_KEY_CFBundleDisplayName = "Safari Salesforce Inspector Reloaded";
				INFOPLIST_KEY_NSHumanReadableCopyright = "";
				INFOPLIST_KEY_NSMainStoryboardFile = Main;
				INFOPLIST_KEY_NSPrincipalClass = NSApplication;
				LD_RUNPATH_SEARCH_PATHS = (
					"$(inherited)",
					"@executable_path/../Frameworks",
				);
				MACOSX_DEPLOYMENT_TARGET = 10.14;
				MARKETING_VERSION = 1.0;
				OTHER_LDFLAGS = (
					"-framework",
					SafariServices,
					"-framework",
					WebKit,
				);
				PRODUCT_BUNDLE_IDENTIFIER = "com.quonsepto.Safari-Salesforce-Inspector-Reloaded";
				PRODUCT_NAME = "$(TARGET_NAME)";
				SWIFT_EMIT_LOC_STRINGS = YES;
				SWIFT_VERSION = 5.0;
			};
			name = Release;
		};
/* End XCBuildConfiguration section */

/* Begin XCConfigurationList section */
		BEEE5C1F2B27C2790040C132 /* Build configuration list for PBXProject "Safari Salesforce Inspector Reloaded" */ = {
			isa = XCConfigurationList;
			buildConfigurations = (
				BEEE5C5A2B27C27B0040C132 /* Debug */,
				BEEE5C5B2B27C27B0040C132 /* Release */,
			);
			defaultConfigurationIsVisible = 0;
			defaultConfigurationName = Release;
		};
		BEEE5C5C2B27C27B0040C132 /* Build configuration list for PBXNativeTarget "Safari Salesforce Inspector Reloaded Extension" */ = {
			isa = XCConfigurationList;
			buildConfigurations = (
				BEEE5C5D2B27C27B0040C132 /* Debug */,
				BEEE5C5E2B27C27B0040C132 /* Release */,
			);
			defaultConfigurationIsVisible = 0;
			defaultConfigurationName = Release;
		};
		BEEE5C602B27C27B0040C132 /* Build configuration list for PBXNativeTarget "Safari Salesforce Inspector Reloaded" */ = {
			isa = XCConfigurationList;
			buildConfigurations = (
				BEEE5C612B27C27B0040C132 /* Debug */,
				BEEE5C622B27C27B0040C132 /* Release */,
			);
			defaultConfigurationIsVisible = 0;
			defaultConfigurationName = Release;
		};
/* End XCConfigurationList section */
	};
	rootObject = BEEE5C1C2B27C2790040C132 /* Project object */;
}
